// !$*UTF8*$!
{
	archiveVersion = 1;
	classes = {
	};
	objectVersion = 56;
	objects = {

/* Begin PBXBuildFile section */
		5F6FF3AE29AD12EE000879FB /* AppDelegate.swift in Sources */ = {isa = PBXBuildFile; fileRef = 5F6FF3AD29AD12EE000879FB /* AppDelegate.swift */; };
		5F6FF3B029AD12EE000879FB /* SceneDelegate.swift in Sources */ = {isa = PBXBuildFile; fileRef = 5F6FF3AF29AD12EE000879FB /* SceneDelegate.swift */; };
		5F6FF3B229AD12EE000879FB /* ConversationsViewController.swift in Sources */ = {isa = PBXBuildFile; fileRef = 5F6FF3B129AD12EE000879FB /* ConversationsViewController.swift */; };
		5F6FF3B529AD12EE000879FB /* Main.storyboard in Resources */ = {isa = PBXBuildFile; fileRef = 5F6FF3B329AD12EE000879FB /* Main.storyboard */; };
		5F6FF3B729AD12EF000879FB /* Assets.xcassets in Resources */ = {isa = PBXBuildFile; fileRef = 5F6FF3B629AD12EF000879FB /* Assets.xcassets */; };
		5F6FF3BA29AD12EF000879FB /* LaunchScreen.storyboard in Resources */ = {isa = PBXBuildFile; fileRef = 5F6FF3B829AD12EF000879FB /* LaunchScreen.storyboard */; };
		5F6FF3C829AD1675000879FB /* LoginViewController.swift in Sources */ = {isa = PBXBuildFile; fileRef = 5F6FF3C729AD1675000879FB /* LoginViewController.swift */; };
		5F6FF3CA29AD168C000879FB /* RegisterViewController.swift in Sources */ = {isa = PBXBuildFile; fileRef = 5F6FF3C929AD168C000879FB /* RegisterViewController.swift */; };
		5F85DB7429AD7F8100A2DD27 /* PhotoViewerViewController.swift in Sources */ = {isa = PBXBuildFile; fileRef = 5F85DB7329AD7F8100A2DD27 /* PhotoViewerViewController.swift */; };
		5F85DB7629AD7F9400A2DD27 /* VideoPlayerViewController.swift in Sources */ = {isa = PBXBuildFile; fileRef = 5F85DB7529AD7F9400A2DD27 /* VideoPlayerViewController.swift */; };
		5F85DB7829AD7FA700A2DD27 /* NewConversationViewController.swift in Sources */ = {isa = PBXBuildFile; fileRef = 5F85DB7729AD7FA700A2DD27 /* NewConversationViewController.swift */; };
		5F85DB7A29AD7FB700A2DD27 /* ProfileViewController.swift in Sources */ = {isa = PBXBuildFile; fileRef = 5F85DB7929AD7FB700A2DD27 /* ProfileViewController.swift */; };
/* End PBXBuildFile section */

/* Begin PBXFileReference section */
		5F6FF3AA29AD12EE000879FB /* Messenger.app */ = {isa = PBXFileReference; explicitFileType = wrapper.application; includeInIndex = 0; path = Messenger.app; sourceTree = BUILT_PRODUCTS_DIR; };
		5F6FF3AD29AD12EE000879FB /* AppDelegate.swift */ = {isa = PBXFileReference; lastKnownFileType = sourcecode.swift; path = AppDelegate.swift; sourceTree = "<group>"; };
		5F6FF3AF29AD12EE000879FB /* SceneDelegate.swift */ = {isa = PBXFileReference; lastKnownFileType = sourcecode.swift; path = SceneDelegate.swift; sourceTree = "<group>"; };
		5F6FF3B129AD12EE000879FB /* ConversationsViewController.swift */ = {isa = PBXFileReference; lastKnownFileType = sourcecode.swift; path = ConversationsViewController.swift; sourceTree = "<group>"; };
		5F6FF3B429AD12EE000879FB /* Base */ = {isa = PBXFileReference; lastKnownFileType = file.storyboard; name = Base; path = Base.lproj/Main.storyboard; sourceTree = "<group>"; };
		5F6FF3B629AD12EF000879FB /* Assets.xcassets */ = {isa = PBXFileReference; lastKnownFileType = folder.assetcatalog; path = Assets.xcassets; sourceTree = "<group>"; };
		5F6FF3B929AD12EF000879FB /* Base */ = {isa = PBXFileReference; lastKnownFileType = file.storyboard; name = Base; path = Base.lproj/LaunchScreen.storyboard; sourceTree = "<group>"; };
		5F6FF3BB29AD12EF000879FB /* Info.plist */ = {isa = PBXFileReference; lastKnownFileType = text.plist.xml; path = Info.plist; sourceTree = "<group>"; };
		5F6FF3C729AD1675000879FB /* LoginViewController.swift */ = {isa = PBXFileReference; lastKnownFileType = sourcecode.swift; path = LoginViewController.swift; sourceTree = "<group>"; };
		5F6FF3C929AD168C000879FB /* RegisterViewController.swift */ = {isa = PBXFileReference; lastKnownFileType = sourcecode.swift; path = RegisterViewController.swift; sourceTree = "<group>"; };
		5F85DB7329AD7F8100A2DD27 /* PhotoViewerViewController.swift */ = {isa = PBXFileReference; lastKnownFileType = sourcecode.swift; path = PhotoViewerViewController.swift; sourceTree = "<group>"; };
		5F85DB7529AD7F9400A2DD27 /* VideoPlayerViewController.swift */ = {isa = PBXFileReference; lastKnownFileType = sourcecode.swift; path = VideoPlayerViewController.swift; sourceTree = "<group>"; };
		5F85DB7729AD7FA700A2DD27 /* NewConversationViewController.swift */ = {isa = PBXFileReference; lastKnownFileType = sourcecode.swift; path = NewConversationViewController.swift; sourceTree = "<group>"; };
		5F85DB7929AD7FB700A2DD27 /* ProfileViewController.swift */ = {isa = PBXFileReference; lastKnownFileType = sourcecode.swift; path = ProfileViewController.swift; sourceTree = "<group>"; };
/* End PBXFileReference section */

/* Begin PBXFrameworksBuildPhase section */
		5F6FF3A729AD12EE000879FB /* Frameworks */ = {
			isa = PBXFrameworksBuildPhase;
			buildActionMask = 2147483647;
			files = (
			);
			runOnlyForDeploymentPostprocessing = 0;
		};
/* End PBXFrameworksBuildPhase section */

/* Begin PBXGroup section */
		5F6FF3A129AD12EE000879FB = {
			isa = PBXGroup;
			children = (
				5F6FF3AC29AD12EE000879FB /* Messenger */,
				5F6FF3AB29AD12EE000879FB /* Products */,
			);
			sourceTree = "<group>";
		};
		5F6FF3AB29AD12EE000879FB /* Products */ = {
			isa = PBXGroup;
			children = (
				5F6FF3AA29AD12EE000879FB /* Messenger.app */,
			);
			name = Products;
			sourceTree = "<group>";
		};
		5F6FF3AC29AD12EE000879FB /* Messenger */ = {
			isa = PBXGroup;
			children = (
				5F6FF3C529AD146E000879FB /* Resources */,
				5F6FF3C429AD1464000879FB /* ViewModels */,
				5F6FF3C329AD145E000879FB /* Models */,
				5F6FF3C229AD1457000879FB /* Views */,
				5F6FF3C129AD144D000879FB /* Controllers */,
				5F6FF3BB29AD12EF000879FB /* Info.plist */,
			);
			path = Messenger;
			sourceTree = "<group>";
		};
		5F6FF3C129AD144D000879FB /* Controllers */ = {
			isa = PBXGroup;
			children = (
				5F6FF3B129AD12EE000879FB /* ConversationsViewController.swift */,
				5F6FF3C729AD1675000879FB /* LoginViewController.swift */,
				5F6FF3C929AD168C000879FB /* RegisterViewController.swift */,
				5F85DB7329AD7F8100A2DD27 /* PhotoViewerViewController.swift */,
				5F85DB7529AD7F9400A2DD27 /* VideoPlayerViewController.swift */,
				5F85DB7729AD7FA700A2DD27 /* NewConversationViewController.swift */,
				5F85DB7929AD7FB700A2DD27 /* ProfileViewController.swift */,
			);
			path = Controllers;
			sourceTree = "<group>";
		};
		5F6FF3C229AD1457000879FB /* Views */ = {
			isa = PBXGroup;
			children = (
				5F6FF3C629AD14D1000879FB /* Storyboards */,
				5F6FF3B629AD12EF000879FB /* Assets.xcassets */,
			);
			path = Views;
			sourceTree = "<group>";
		};
		5F6FF3C329AD145E000879FB /* Models */ = {
			isa = PBXGroup;
			children = (
			);
			path = Models;
			sourceTree = "<group>";
		};
		5F6FF3C429AD1464000879FB /* ViewModels */ = {
			isa = PBXGroup;
			children = (
			);
			path = ViewModels;
			sourceTree = "<group>";
		};
		5F6FF3C529AD146E000879FB /* Resources */ = {
			isa = PBXGroup;
			children = (
				5F6FF3AD29AD12EE000879FB /* AppDelegate.swift */,
				5F6FF3AF29AD12EE000879FB /* SceneDelegate.swift */,
			);
			path = Resources;
			sourceTree = "<group>";
		};
		5F6FF3C629AD14D1000879FB /* Storyboards */ = {
			isa = PBXGroup;
			children = (
				5F6FF3B329AD12EE000879FB /* Main.storyboard */,
				5F6FF3B829AD12EF000879FB /* LaunchScreen.storyboard */,
			);
			path = Storyboards;
			sourceTree = "<group>";
		};
/* End PBXGroup section */

/* Begin PBXNativeTarget section */
		5F6FF3A929AD12EE000879FB /* Messenger */ = {
			isa = PBXNativeTarget;
			buildConfigurationList = 5F6FF3BE29AD12EF000879FB /* Build configuration list for PBXNativeTarget "Messenger" */;
			buildPhases = (
				5F6FF3A629AD12EE000879FB /* Sources */,
				5F6FF3A729AD12EE000879FB /* Frameworks */,
				5F6FF3A829AD12EE000879FB /* Resources */,
			);
			buildRules = (
			);
			dependencies = (
			);
			name = Messenger;
			productName = Messenger;
			productReference = 5F6FF3AA29AD12EE000879FB /* Messenger.app */;
			productType = "com.apple.product-type.application";
		};
/* End PBXNativeTarget section */

/* Begin PBXProject section */
		5F6FF3A229AD12EE000879FB /* Project object */ = {
			isa = PBXProject;
			attributes = {
				BuildIndependentTargetsInParallel = 1;
				LastSwiftUpdateCheck = 1420;
				LastUpgradeCheck = 1420;
				TargetAttributes = {
					5F6FF3A929AD12EE000879FB = {
						CreatedOnToolsVersion = 14.2;
					};
				};
			};
			buildConfigurationList = 5F6FF3A529AD12EE000879FB /* Build configuration list for PBXProject "Messenger" */;
			compatibilityVersion = "Xcode 14.0";
			developmentRegion = en;
			hasScannedForEncodings = 0;
			knownRegions = (
				en,
				Base,
			);
			mainGroup = 5F6FF3A129AD12EE000879FB;
			productRefGroup = 5F6FF3AB29AD12EE000879FB /* Products */;
			projectDirPath = "";
			projectRoot = "";
			targets = (
				5F6FF3A929AD12EE000879FB /* Messenger */,
			);
		};
/* End PBXProject section */

/* Begin PBXResourcesBuildPhase section */
		5F6FF3A829AD12EE000879FB /* Resources */ = {
			isa = PBXResourcesBuildPhase;
			buildActionMask = 2147483647;
			files = (
				5F6FF3BA29AD12EF000879FB /* LaunchScreen.storyboard in Resources */,
				5F6FF3B729AD12EF000879FB /* Assets.xcassets in Resources */,
				5F6FF3B529AD12EE000879FB /* Main.storyboard in Resources */,
			);
			runOnlyForDeploymentPostprocessing = 0;
		};
/* End PBXResourcesBuildPhase section */

/* Begin PBXSourcesBuildPhase section */
		5F6FF3A629AD12EE000879FB /* Sources */ = {
			isa = PBXSourcesBuildPhase;
			buildActionMask = 2147483647;
			files = (
				5F6FF3C829AD1675000879FB /* LoginViewController.swift in Sources */,
				5F6FF3CA29AD168C000879FB /* RegisterViewController.swift in Sources */,
				5F85DB7829AD7FA700A2DD27 /* NewConversationViewController.swift in Sources */,
				5F6FF3B229AD12EE000879FB /* ConversationsViewController.swift in Sources */,
				5F85DB7629AD7F9400A2DD27 /* VideoPlayerViewController.swift in Sources */,
				5F6FF3AE29AD12EE000879FB /* AppDelegate.swift in Sources */,
				5F85DB7A29AD7FB700A2DD27 /* ProfileViewController.swift in Sources */,
				5F6FF3B029AD12EE000879FB /* SceneDelegate.swift in Sources */,
				5F85DB7429AD7F8100A2DD27 /* PhotoViewerViewController.swift in Sources */,
			);
			runOnlyForDeploymentPostprocessing = 0;
		};
/* End PBXSourcesBuildPhase section */

/* Begin PBXVariantGroup section */
		5F6FF3B329AD12EE000879FB /* Main.storyboard */ = {
			isa = PBXVariantGroup;
			children = (
				5F6FF3B429AD12EE000879FB /* Base */,
			);
			name = Main.storyboard;
			sourceTree = "<group>";
		};
		5F6FF3B829AD12EF000879FB /* LaunchScreen.storyboard */ = {
			isa = PBXVariantGroup;
			children = (
				5F6FF3B929AD12EF000879FB /* Base */,
			);
			name = LaunchScreen.storyboard;
			sourceTree = "<group>";
		};
/* End PBXVariantGroup section */

/* Begin XCBuildConfiguration section */
		5F6FF3BC29AD12EF000879FB /* Debug */ = {
			isa = XCBuildConfiguration;
			buildSettings = {
				ALWAYS_SEARCH_USER_PATHS = NO;
				CLANG_ANALYZER_NONNULL = YES;
				CLANG_ANALYZER_NUMBER_OBJECT_CONVERSION = YES_AGGRESSIVE;
				CLANG_CXX_LANGUAGE_STANDARD = "gnu++20";
				CLANG_ENABLE_MODULES = YES;
				CLANG_ENABLE_OBJC_ARC = YES;
				CLANG_ENABLE_OBJC_WEAK = YES;
				CLANG_WARN_BLOCK_CAPTURE_AUTORELEASING = YES;
				CLANG_WARN_BOOL_CONVERSION = YES;
				CLANG_WARN_COMMA = YES;
				CLANG_WARN_CONSTANT_CONVERSION = YES;
				CLANG_WARN_DEPRECATED_OBJC_IMPLEMENTATIONS = YES;
				CLANG_WARN_DIRECT_OBJC_ISA_USAGE = YES_ERROR;
				CLANG_WARN_DOCUMENTATION_COMMENTS = YES;
				CLANG_WARN_EMPTY_BODY = YES;
				CLANG_WARN_ENUM_CONVERSION = YES;
				CLANG_WARN_INFINITE_RECURSION = YES;
				CLANG_WARN_INT_CONVERSION = YES;
				CLANG_WARN_NON_LITERAL_NULL_CONVERSION = YES;
				CLANG_WARN_OBJC_IMPLICIT_RETAIN_SELF = YES;
				CLANG_WARN_OBJC_LITERAL_CONVERSION = YES;
				CLANG_WARN_OBJC_ROOT_CLASS = YES_ERROR;
				CLANG_WARN_QUOTED_INCLUDE_IN_FRAMEWORK_HEADER = YES;
				CLANG_WARN_RANGE_LOOP_ANALYSIS = YES;
				CLANG_WARN_STRICT_PROTOTYPES = YES;
				CLANG_WARN_SUSPICIOUS_MOVE = YES;
				CLANG_WARN_UNGUARDED_AVAILABILITY = YES_AGGRESSIVE;
				CLANG_WARN_UNREACHABLE_CODE = YES;
				CLANG_WARN__DUPLICATE_METHOD_MATCH = YES;
				COPY_PHASE_STRIP = NO;
				DEBUG_INFORMATION_FORMAT = dwarf;
				ENABLE_STRICT_OBJC_MSGSEND = YES;
				ENABLE_TESTABILITY = YES;
				GCC_C_LANGUAGE_STANDARD = gnu11;
				GCC_DYNAMIC_NO_PIC = NO;
				GCC_NO_COMMON_BLOCKS = YES;
				GCC_OPTIMIZATION_LEVEL = 0;
				GCC_PREPROCESSOR_DEFINITIONS = (
					"DEBUG=1",
					"$(inherited)",
				);
				GCC_WARN_64_TO_32_BIT_CONVERSION = YES;
				GCC_WARN_ABOUT_RETURN_TYPE = YES_ERROR;
				GCC_WARN_UNDECLARED_SELECTOR = YES;
				GCC_WARN_UNINITIALIZED_AUTOS = YES_AGGRESSIVE;
				GCC_WARN_UNUSED_FUNCTION = YES;
				GCC_WARN_UNUSED_VARIABLE = YES;
				IPHONEOS_DEPLOYMENT_TARGET = 16.2;
				MTL_ENABLE_DEBUG_INFO = INCLUDE_SOURCE;
				MTL_FAST_MATH = YES;
				ONLY_ACTIVE_ARCH = YES;
				SDKROOT = iphoneos;
				SWIFT_ACTIVE_COMPILATION_CONDITIONS = DEBUG;
				SWIFT_OPTIMIZATION_LEVEL = "-Onone";
			};
			name = Debug;
		};
		5F6FF3BD29AD12EF000879FB /* Release */ = {
			isa = XCBuildConfiguration;
			buildSettings = {
				ALWAYS_SEARCH_USER_PATHS = NO;
				CLANG_ANALYZER_NONNULL = YES;
				CLANG_ANALYZER_NUMBER_OBJECT_CONVERSION = YES_AGGRESSIVE;
				CLANG_CXX_LANGUAGE_STANDARD = "gnu++20";
				CLANG_ENABLE_MODULES = YES;
				CLANG_ENABLE_OBJC_ARC = YES;
				CLANG_ENABLE_OBJC_WEAK = YES;
				CLANG_WARN_BLOCK_CAPTURE_AUTORELEASING = YES;
				CLANG_WARN_BOOL_CONVERSION = YES;
				CLANG_WARN_COMMA = YES;
				CLANG_WARN_CONSTANT_CONVERSION = YES;
				CLANG_WARN_DEPRECATED_OBJC_IMPLEMENTATIONS = YES;
				CLANG_WARN_DIRECT_OBJC_ISA_USAGE = YES_ERROR;
				CLANG_WARN_DOCUMENTATION_COMMENTS = YES;
				CLANG_WARN_EMPTY_BODY = YES;
				CLANG_WARN_ENUM_CONVERSION = YES;
				CLANG_WARN_INFINITE_RECURSION = YES;
				CLANG_WARN_INT_CONVERSION = YES;
				CLANG_WARN_NON_LITERAL_NULL_CONVERSION = YES;
				CLANG_WARN_OBJC_IMPLICIT_RETAIN_SELF = YES;
				CLANG_WARN_OBJC_LITERAL_CONVERSION = YES;
				CLANG_WARN_OBJC_ROOT_CLASS = YES_ERROR;
				CLANG_WARN_QUOTED_INCLUDE_IN_FRAMEWORK_HEADER = YES;
				CLANG_WARN_RANGE_LOOP_ANALYSIS = YES;
				CLANG_WARN_STRICT_PROTOTYPES = YES;
				CLANG_WARN_SUSPICIOUS_MOVE = YES;
				CLANG_WARN_UNGUARDED_AVAILABILITY = YES_AGGRESSIVE;
				CLANG_WARN_UNREACHABLE_CODE = YES;
				CLANG_WARN__DUPLICATE_METHOD_MATCH = YES;
				COPY_PHASE_STRIP = NO;
				DEBUG_INFORMATION_FORMAT = "dwarf-with-dsym";
				ENABLE_NS_ASSERTIONS = NO;
				ENABLE_STRICT_OBJC_MSGSEND = YES;
				GCC_C_LANGUAGE_STANDARD = gnu11;
				GCC_NO_COMMON_BLOCKS = YES;
				GCC_WARN_64_TO_32_BIT_CONVERSION = YES;
				GCC_WARN_ABOUT_RETURN_TYPE = YES_ERROR;
				GCC_WARN_UNDECLARED_SELECTOR = YES;
				GCC_WARN_UNINITIALIZED_AUTOS = YES_AGGRESSIVE;
				GCC_WARN_UNUSED_FUNCTION = YES;
				GCC_WARN_UNUSED_VARIABLE = YES;
				IPHONEOS_DEPLOYMENT_TARGET = 16.2;
				MTL_ENABLE_DEBUG_INFO = NO;
				MTL_FAST_MATH = YES;
				SDKROOT = iphoneos;
				SWIFT_COMPILATION_MODE = wholemodule;
				SWIFT_OPTIMIZATION_LEVEL = "-O";
				VALIDATE_PRODUCT = YES;
			};
			name = Release;
		};
		5F6FF3BF29AD12EF000879FB /* Debug */ = {
			isa = XCBuildConfiguration;
			buildSettings = {
				ASSETCATALOG_COMPILER_APPICON_NAME = AppIcon;
				ASSETCATALOG_COMPILER_GLOBAL_ACCENT_COLOR_NAME = AccentColor;
				CODE_SIGN_STYLE = Automatic;
				CURRENT_PROJECT_VERSION = 1;
				DEVELOPMENT_TEAM = ZH8B3J7N69;
				GENERATE_INFOPLIST_FILE = YES;
				INFOPLIST_FILE = Messenger/Info.plist;
				INFOPLIST_KEY_UIApplicationSupportsIndirectInputEvents = YES;
				INFOPLIST_KEY_UILaunchStoryboardName = LaunchScreen;
				INFOPLIST_KEY_UIMainStoryboardFile = Main;
				INFOPLIST_KEY_UISupportedInterfaceOrientations = UIInterfaceOrientationPortrait;
				LD_RUNPATH_SEARCH_PATHS = (
					"$(inherited)",
					"@executable_path/Frameworks",
				);
				MARKETING_VERSION = 1.0;
				PRODUCT_BUNDLE_IDENTIFIER = com.nicolasjott.Messenger;
				PRODUCT_NAME = "$(TARGET_NAME)";
				SWIFT_EMIT_LOC_STRINGS = YES;
				SWIFT_VERSION = 5.0;
				TARGETED_DEVICE_FAMILY = "1,2";
			};
			name = Debug;
		};
		5F6FF3C029AD12EF000879FB /* Release */ = {
			isa = XCBuildConfiguration;
			buildSettings = {
				ASSETCATALOG_COMPILER_APPICON_NAME = AppIcon;
				ASSETCATALOG_COMPILER_GLOBAL_ACCENT_COLOR_NAME = AccentColor;
				CODE_SIGN_STYLE = Automatic;
				CURRENT_PROJECT_VERSION = 1;
				DEVELOPMENT_TEAM = ZH8B3J7N69;
				GENERATE_INFOPLIST_FILE = YES;
				INFOPLIST_FILE = Messenger/Info.plist;
				INFOPLIST_KEY_UIApplicationSupportsIndirectInputEvents = YES;
				INFOPLIST_KEY_UILaunchStoryboardName = LaunchScreen;
				INFOPLIST_KEY_UIMainStoryboardFile = Main;
				INFOPLIST_KEY_UISupportedInterfaceOrientations = UIInterfaceOrientationPortrait;
				LD_RUNPATH_SEARCH_PATHS = (
					"$(inherited)",
					"@executable_path/Frameworks",
				);
				MARKETING_VERSION = 1.0;
				PRODUCT_BUNDLE_IDENTIFIER = com.nicolasjott.Messenger;
				PRODUCT_NAME = "$(TARGET_NAME)";
				SWIFT_EMIT_LOC_STRINGS = YES;
				SWIFT_VERSION = 5.0;
				TARGETED_DEVICE_FAMILY = "1,2";
			};
			name = Release;
		};
/* End XCBuildConfiguration section */

/* Begin XCConfigurationList section */
		5F6FF3A529AD12EE000879FB /* Build configuration list for PBXProject "Messenger" */ = {
			isa = XCConfigurationList;
			buildConfigurations = (
				5F6FF3BC29AD12EF000879FB /* Debug */,
				5F6FF3BD29AD12EF000879FB /* Release */,
			);
			defaultConfigurationIsVisible = 0;
			defaultConfigurationName = Release;
		};
		5F6FF3BE29AD12EF000879FB /* Build configuration list for PBXNativeTarget "Messenger" */ = {
			isa = XCConfigurationList;
			buildConfigurations = (
				5F6FF3BF29AD12EF000879FB /* Debug */,
				5F6FF3C029AD12EF000879FB /* Release */,
			);
			defaultConfigurationIsVisible = 0;
			defaultConfigurationName = Release;
		};
/* End XCConfigurationList section */
	};
	rootObject = 5F6FF3A229AD12EE000879FB /* Project object */;
}
